
Microsoft Visual Studio Solution File, Format Version 12.00
# Visual Studio Version 17
VisualStudioVersion = 17.4.33122.133
MinimumVisualStudioVersion = 10.0.40219.1
Project("{FAE04EC0-301F-11D3-BF4B-00C04F79EFBC}") = "Measurement Voltage MA V3.1", "Measurement Voltage MA V3.1\Measurement Voltage MA V3.1.csproj", "{B3AD3537-5200-4432-B689-2F940D2BDABF}"
EndProject
Global
	GlobalSection(SolutionConfigurationPlatforms) = preSolution
		Debug|Any CPU = Debug|Any CPU
		Release|Any CPU = Release|Any CPU
	EndGlobalSection
	GlobalSection(ProjectConfigurationPlatforms) = postSolution
		{B3AD3537-5200-4432-B689-2F940D2BDABF}.Debug|Any CPU.ActiveCfg = Debug|Any CPU
		{B3AD3537-5200-4432-B689-2F940D2BDABF}.Debug|Any CPU.Build.0 = Debug|Any CPU
		{B3AD3537-5200-4432-B689-2F940D2BDABF}.Release|Any CPU.ActiveCfg = Release|Any CPU
		{B3AD3537-5200-4432-B689-2F940D2BDABF}.Release|Any CPU.Build.0 = Release|Any CPU
	EndGlobalSection
	GlobalSection(SolutionProperties) = preSolution
		HideSolutionNode = FALSE
	EndGlobalSection
	GlobalSection(ExtensibilityGlobals) = postSolution
		SolutionGuid = {56A6AAD9-A2CF-4E23-8CB8-370F1402E935}
	EndGlobalSection
EndGlobal
